// !$*UTF8*$!
{
	archiveVersion = 1;
	classes = {
	};
	objectVersion = 55;
	objects = {

/* Begin PBXBuildFile section */
		09068E0E283BF2AE004786BD /* Assets.xcassets in Resources */ = {isa = PBXBuildFile; fileRef = 09068E0D283BF2AE004786BD /* Assets.xcassets */; };
		09068E11283BF2AE004786BD /* Preview Assets.xcassets in Resources */ = {isa = PBXBuildFile; fileRef = 09068E10283BF2AE004786BD /* Preview Assets.xcassets */; };
		09068E13283BF2AE004786BD /* Persistence.swift in Sources */ = {isa = PBXBuildFile; fileRef = 09068E12283BF2AE004786BD /* Persistence.swift */; };
		09068E16283BF2AE004786BD /* ContactsProj.xcdatamodeld in Sources */ = {isa = PBXBuildFile; fileRef = 09068E14283BF2AE004786BD /* ContactsProj.xcdatamodeld */; };
		09068E28283BF3E8004786BD /* ContactListApp.swift in Sources */ = {isa = PBXBuildFile; fileRef = 09068E1C283BF3E7004786BD /* ContactListApp.swift */; };
		09068E2A283BF3E8004786BD /* ContactsDemo.swift in Sources */ = {isa = PBXBuildFile; fileRef = 09068E1E283BF3E7004786BD /* ContactsDemo.swift */; };
		09068E2B283BF3E8004786BD /* DemoView.swift in Sources */ = {isa = PBXBuildFile; fileRef = 09068E1F283BF3E7004786BD /* DemoView.swift */; };
		09068E2C283BF3E8004786BD /* DataManagerForDemo.swift in Sources */ = {isa = PBXBuildFile; fileRef = 09068E20283BF3E7004786BD /* DataManagerForDemo.swift */; };
		09068E2D283BF3E8004786BD /* MyProfile.swift in Sources */ = {isa = PBXBuildFile; fileRef = 09068E21283BF3E7004786BD /* MyProfile.swift */; };
		09068E2E283BF3E8004786BD /* StarterView.swift in Sources */ = {isa = PBXBuildFile; fileRef = 09068E22283BF3E7004786BD /* StarterView.swift */; };
		09068E2F283BF3E8004786BD /* Test.swift in Sources */ = {isa = PBXBuildFile; fileRef = 09068E23283BF3E8004786BD /* Test.swift */; };
		09068E30283BF3E8004786BD /* ContactsManager.swift in Sources */ = {isa = PBXBuildFile; fileRef = 09068E24283BF3E8004786BD /* ContactsManager.swift */; };
		09068E31283BF3E8004786BD /* Modifiers.swift in Sources */ = {isa = PBXBuildFile; fileRef = 09068E25283BF3E8004786BD /* Modifiers.swift */; };
		09068E32283BF3E8004786BD /* InfoAboutContact.swift in Sources */ = {isa = PBXBuildFile; fileRef = 09068E26283BF3E8004786BD /* InfoAboutContact.swift */; };
		09068E33283BF3E8004786BD /* CellInTable.swift in Sources */ = {isa = PBXBuildFile; fileRef = 09068E27283BF3E8004786BD /* CellInTable.swift */; };
		09BFE61A283FDE8400F79524 /* ImagePicker.swift in Sources */ = {isa = PBXBuildFile; fileRef = 09BFE619283FDE8400F79524 /* ImagePicker.swift */; };
		09BFE620283FFED500F79524 /* ImageButton.swift in Sources */ = {isa = PBXBuildFile; fileRef = 09BFE61F283FFED500F79524 /* ImageButton.swift */; };
		09BFE62728400AF800F79524 /* Contact+CoreDataClass.swift in Sources */ = {isa = PBXBuildFile; fileRef = 09BFE62528400AF800F79524 /* Contact+CoreDataClass.swift */; };
		09BFE62828400AF800F79524 /* Contact+CoreDataProperties.swift in Sources */ = {isa = PBXBuildFile; fileRef = 09BFE62628400AF800F79524 /* Contact+CoreDataProperties.swift */; };
		09DBA590283CFE6B00AA8255 /* AddContactView.swift in Sources */ = {isa = PBXBuildFile; fileRef = 09DBA58F283CFE6B00AA8255 /* AddContactView.swift */; };
		09DBA592283CFF3300AA8255 /* TextFieldView.swift in Sources */ = {isa = PBXBuildFile; fileRef = 09DBA591283CFF3300AA8255 /* TextFieldView.swift */; };
/* End PBXBuildFile section */

/* Begin PBXFileReference section */
		09068E06283BF2AC004786BD /* ContactsProj.app */ = {isa = PBXFileReference; explicitFileType = wrapper.application; includeInIndex = 0; path = ContactsProj.app; sourceTree = BUILT_PRODUCTS_DIR; };
		09068E0D283BF2AE004786BD /* Assets.xcassets */ = {isa = PBXFileReference; lastKnownFileType = folder.assetcatalog; path = Assets.xcassets; sourceTree = "<group>"; };
		09068E10283BF2AE004786BD /* Preview Assets.xcassets */ = {isa = PBXFileReference; lastKnownFileType = folder.assetcatalog; path = "Preview Assets.xcassets"; sourceTree = "<group>"; };
		09068E12283BF2AE004786BD /* Persistence.swift */ = {isa = PBXFileReference; lastKnownFileType = sourcecode.swift; path = Persistence.swift; sourceTree = "<group>"; };
		09068E15283BF2AE004786BD /* ContactsProj.xcdatamodel */ = {isa = PBXFileReference; lastKnownFileType = wrapper.xcdatamodel; path = ContactsProj.xcdatamodel; sourceTree = "<group>"; };
		09068E1C283BF3E7004786BD /* ContactListApp.swift */ = {isa = PBXFileReference; fileEncoding = 4; lastKnownFileType = sourcecode.swift; path = ContactListApp.swift; sourceTree = "<group>"; };
		09068E1E283BF3E7004786BD /* ContactsDemo.swift */ = {isa = PBXFileReference; fileEncoding = 4; lastKnownFileType = sourcecode.swift; path = ContactsDemo.swift; sourceTree = "<group>"; };
		09068E1F283BF3E7004786BD /* DemoView.swift */ = {isa = PBXFileReference; fileEncoding = 4; lastKnownFileType = sourcecode.swift; path = DemoView.swift; sourceTree = "<group>"; };
		09068E20283BF3E7004786BD /* DataManagerForDemo.swift */ = {isa = PBXFileReference; fileEncoding = 4; lastKnownFileType = sourcecode.swift; path = DataManagerForDemo.swift; sourceTree = "<group>"; };
		09068E21283BF3E7004786BD /* MyProfile.swift */ = {isa = PBXFileReference; fileEncoding = 4; lastKnownFileType = sourcecode.swift; path = MyProfile.swift; sourceTree = "<group>"; };
		09068E22283BF3E7004786BD /* StarterView.swift */ = {isa = PBXFileReference; fileEncoding = 4; lastKnownFileType = sourcecode.swift; path = StarterView.swift; sourceTree = "<group>"; };
		09068E23283BF3E8004786BD /* Test.swift */ = {isa = PBXFileReference; fileEncoding = 4; lastKnownFileType = sourcecode.swift; path = Test.swift; sourceTree = "<group>"; };
		09068E24283BF3E8004786BD /* ContactsManager.swift */ = {isa = PBXFileReference; fileEncoding = 4; lastKnownFileType = sourcecode.swift; path = ContactsManager.swift; sourceTree = "<group>"; };
		09068E25283BF3E8004786BD /* Modifiers.swift */ = {isa = PBXFileReference; fileEncoding = 4; lastKnownFileType = sourcecode.swift; path = Modifiers.swift; sourceTree = "<group>"; };
		09068E26283BF3E8004786BD /* InfoAboutContact.swift */ = {isa = PBXFileReference; fileEncoding = 4; lastKnownFileType = sourcecode.swift; path = InfoAboutContact.swift; sourceTree = "<group>"; };
		09068E27283BF3E8004786BD /* CellInTable.swift */ = {isa = PBXFileReference; fileEncoding = 4; lastKnownFileType = sourcecode.swift; path = CellInTable.swift; sourceTree = "<group>"; };
		09BFE619283FDE8400F79524 /* ImagePicker.swift */ = {isa = PBXFileReference; lastKnownFileType = sourcecode.swift; path = ImagePicker.swift; sourceTree = "<group>"; };
		09BFE61F283FFED500F79524 /* ImageButton.swift */ = {isa = PBXFileReference; lastKnownFileType = sourcecode.swift; path = ImageButton.swift; sourceTree = "<group>"; };
		09BFE62528400AF800F79524 /* Contact+CoreDataClass.swift */ = {isa = PBXFileReference; lastKnownFileType = sourcecode.swift; path = "Contact+CoreDataClass.swift"; sourceTree = "<group>"; };
		09BFE62628400AF800F79524 /* Contact+CoreDataProperties.swift */ = {isa = PBXFileReference; lastKnownFileType = sourcecode.swift; path = "Contact+CoreDataProperties.swift"; sourceTree = "<group>"; };
		09DBA58F283CFE6B00AA8255 /* AddContactView.swift */ = {isa = PBXFileReference; lastKnownFileType = sourcecode.swift; path = AddContactView.swift; sourceTree = "<group>"; };
		09DBA591283CFF3300AA8255 /* TextFieldView.swift */ = {isa = PBXFileReference; lastKnownFileType = sourcecode.swift; path = TextFieldView.swift; sourceTree = "<group>"; };
/* End PBXFileReference section */

/* Begin PBXFrameworksBuildPhase section */
		09068E03283BF2AC004786BD /* Frameworks */ = {
			isa = PBXFrameworksBuildPhase;
			buildActionMask = 2147483647;
			files = (
			);
			runOnlyForDeploymentPostprocessing = 0;
		};
/* End PBXFrameworksBuildPhase section */

/* Begin PBXGroup section */
		09068DFD283BF2AC004786BD = {
			isa = PBXGroup;
			children = (
				09BFE62528400AF800F79524 /* Contact+CoreDataClass.swift */,
				09BFE62628400AF800F79524 /* Contact+CoreDataProperties.swift */,
				09068E08283BF2AC004786BD /* ContactsProj */,
				09068E07283BF2AC004786BD /* Products */,
			);
			sourceTree = "<group>";
		};
		09068E07283BF2AC004786BD /* Products */ = {
			isa = PBXGroup;
			children = (
				09068E06283BF2AC004786BD /* ContactsProj.app */,
			);
			name = Products;
			sourceTree = "<group>";
		};
		09068E08283BF2AC004786BD /* ContactsProj */ = {
			isa = PBXGroup;
			children = (
				09068E1C283BF3E7004786BD /* ContactListApp.swift */,
				09068E27283BF3E8004786BD /* CellInTable.swift */,
				09068E1E283BF3E7004786BD /* ContactsDemo.swift */,
				09068E26283BF3E8004786BD /* InfoAboutContact.swift */,
				09BFE61F283FFED500F79524 /* ImageButton.swift */,
				09BFE619283FDE8400F79524 /* ImagePicker.swift */,
				09DBA58F283CFE6B00AA8255 /* AddContactView.swift */,
				09DBA591283CFF3300AA8255 /* TextFieldView.swift */,
				09068E24283BF3E8004786BD /* ContactsManager.swift */,
				09068E20283BF3E7004786BD /* DataManagerForDemo.swift */,
				09068E1F283BF3E7004786BD /* DemoView.swift */,
				09068E25283BF3E8004786BD /* Modifiers.swift */,
				09068E21283BF3E7004786BD /* MyProfile.swift */,
				09068E22283BF3E7004786BD /* StarterView.swift */,
				09068E23283BF3E8004786BD /* Test.swift */,
				09068E0D283BF2AE004786BD /* Assets.xcassets */,
				09068E12283BF2AE004786BD /* Persistence.swift */,
				09068E14283BF2AE004786BD /* ContactsProj.xcdatamodeld */,
				09068E0F283BF2AE004786BD /* Preview Content */,
			);
			path = ContactsProj;
			sourceTree = "<group>";
		};
		09068E0F283BF2AE004786BD /* Preview Content */ = {
			isa = PBXGroup;
			children = (
				09068E10283BF2AE004786BD /* Preview Assets.xcassets */,
			);
			path = "Preview Content";
			sourceTree = "<group>";
		};
/* End PBXGroup section */

/* Begin PBXNativeTarget section */
		09068E05283BF2AC004786BD /* ContactsProj */ = {
			isa = PBXNativeTarget;
			buildConfigurationList = 09068E19283BF2AE004786BD /* Build configuration list for PBXNativeTarget "ContactsProj" */;
			buildPhases = (
				09068E02283BF2AC004786BD /* Sources */,
				09068E03283BF2AC004786BD /* Frameworks */,
				09068E04283BF2AC004786BD /* Resources */,
			);
			buildRules = (
			);
			dependencies = (
			);
			name = ContactsProj;
			productName = ContactsProj;
			productReference = 09068E06283BF2AC004786BD /* ContactsProj.app */;
			productType = "com.apple.product-type.application";
		};
/* End PBXNativeTarget section */

/* Begin PBXProject section */
		09068DFE283BF2AC004786BD /* Project object */ = {
			isa = PBXProject;
			attributes = {
				BuildIndependentTargetsInParallel = 1;
				LastSwiftUpdateCheck = 1330;
				LastUpgradeCheck = 1330;
				TargetAttributes = {
					09068E05283BF2AC004786BD = {
						CreatedOnToolsVersion = 13.3.1;
					};
				};
			};
			buildConfigurationList = 09068E01283BF2AC004786BD /* Build configuration list for PBXProject "ContactsProj" */;
			compatibilityVersion = "Xcode 13.0";
			developmentRegion = en;
			hasScannedForEncodings = 0;
			knownRegions = (
				en,
				Base,
			);
			mainGroup = 09068DFD283BF2AC004786BD;
			productRefGroup = 09068E07283BF2AC004786BD /* Products */;
			projectDirPath = "";
			projectRoot = "";
			targets = (
				09068E05283BF2AC004786BD /* ContactsProj */,
			);
		};
/* End PBXProject section */

/* Begin PBXResourcesBuildPhase section */
		09068E04283BF2AC004786BD /* Resources */ = {
			isa = PBXResourcesBuildPhase;
			buildActionMask = 2147483647;
			files = (
				09068E11283BF2AE004786BD /* Preview Assets.xcassets in Resources */,
				09068E0E283BF2AE004786BD /* Assets.xcassets in Resources */,
			);
			runOnlyForDeploymentPostprocessing = 0;
		};
/* End PBXResourcesBuildPhase section */

/* Begin PBXSourcesBuildPhase section */
		09068E02283BF2AC004786BD /* Sources */ = {
			isa = PBXSourcesBuildPhase;
			buildActionMask = 2147483647;
			files = (
				09068E13283BF2AE004786BD /* Persistence.swift in Sources */,
				09068E2D283BF3E8004786BD /* MyProfile.swift in Sources */,
				09068E31283BF3E8004786BD /* Modifiers.swift in Sources */,
				09068E2B283BF3E8004786BD /* DemoView.swift in Sources */,
				09DBA590283CFE6B00AA8255 /* AddContactView.swift in Sources */,
				09068E32283BF3E8004786BD /* InfoAboutContact.swift in Sources */,
				09DBA592283CFF3300AA8255 /* TextFieldView.swift in Sources */,
				09BFE62828400AF800F79524 /* Contact+CoreDataProperties.swift in Sources */,
				09068E2F283BF3E8004786BD /* Test.swift in Sources */,
				09068E16283BF2AE004786BD /* ContactsProj.xcdatamodeld in Sources */,
				09BFE620283FFED500F79524 /* ImageButton.swift in Sources */,
				09068E2E283BF3E8004786BD /* StarterView.swift in Sources */,
				09BFE61A283FDE8400F79524 /* ImagePicker.swift in Sources */,
				09BFE62728400AF800F79524 /* Contact+CoreDataClass.swift in Sources */,
				09068E28283BF3E8004786BD /* ContactListApp.swift in Sources */,
				09068E33283BF3E8004786BD /* CellInTable.swift in Sources */,
				09068E2A283BF3E8004786BD /* ContactsDemo.swift in Sources */,
				09068E30283BF3E8004786BD /* ContactsManager.swift in Sources */,
				09068E2C283BF3E8004786BD /* DataManagerForDemo.swift in Sources */,
			);
			runOnlyForDeploymentPostprocessing = 0;
		};
/* End PBXSourcesBuildPhase section */

/* Begin XCBuildConfiguration section */
		09068E17283BF2AE004786BD /* Debug */ = {
			isa = XCBuildConfiguration;
			buildSettings = {
				ALWAYS_SEARCH_USER_PATHS = NO;
				CLANG_ANALYZER_NONNULL = YES;
				CLANG_ANALYZER_NUMBER_OBJECT_CONVERSION = YES_AGGRESSIVE;
				CLANG_CXX_LANGUAGE_STANDARD = "gnu++17";
				CLANG_ENABLE_MODULES = YES;
				CLANG_ENABLE_OBJC_ARC = YES;
				CLANG_ENABLE_OBJC_WEAK = YES;
				CLANG_WARN_BLOCK_CAPTURE_AUTORELEASING = YES;
				CLANG_WARN_BOOL_CONVERSION = YES;
				CLANG_WARN_COMMA = YES;
				CLANG_WARN_CONSTANT_CONVERSION = YES;
				CLANG_WARN_DEPRECATED_OBJC_IMPLEMENTATIONS = YES;
				CLANG_WARN_DIRECT_OBJC_ISA_USAGE = YES_ERROR;
				CLANG_WARN_DOCUMENTATION_COMMENTS = YES;
				CLANG_WARN_EMPTY_BODY = YES;
				CLANG_WARN_ENUM_CONVERSION = YES;
				CLANG_WARN_INFINITE_RECURSION = YES;
				CLANG_WARN_INT_CONVERSION = YES;
				CLANG_WARN_NON_LITERAL_NULL_CONVERSION = YES;
				CLANG_WARN_OBJC_IMPLICIT_RETAIN_SELF = YES;
				CLANG_WARN_OBJC_LITERAL_CONVERSION = YES;
				CLANG_WARN_OBJC_ROOT_CLASS = YES_ERROR;
				CLANG_WARN_QUOTED_INCLUDE_IN_FRAMEWORK_HEADER = YES;
				CLANG_WARN_RANGE_LOOP_ANALYSIS = YES;
				CLANG_WARN_STRICT_PROTOTYPES = YES;
				CLANG_WARN_SUSPICIOUS_MOVE = YES;
				CLANG_WARN_UNGUARDED_AVAILABILITY = YES_AGGRESSIVE;
				CLANG_WARN_UNREACHABLE_CODE = YES;
				CLANG_WARN__DUPLICATE_METHOD_MATCH = YES;
				COPY_PHASE_STRIP = NO;
				DEBUG_INFORMATION_FORMAT = dwarf;
				ENABLE_STRICT_OBJC_MSGSEND = YES;
				ENABLE_TESTABILITY = YES;
				GCC_C_LANGUAGE_STANDARD = gnu11;
				GCC_DYNAMIC_NO_PIC = NO;
				GCC_NO_COMMON_BLOCKS = YES;
				GCC_OPTIMIZATION_LEVEL = 0;
				GCC_PREPROCESSOR_DEFINITIONS = (
					"DEBUG=1",
					"$(inherited)",
				);
				GCC_WARN_64_TO_32_BIT_CONVERSION = YES;
				GCC_WARN_ABOUT_RETURN_TYPE = YES_ERROR;
				GCC_WARN_UNDECLARED_SELECTOR = YES;
				GCC_WARN_UNINITIALIZED_AUTOS = YES_AGGRESSIVE;
				GCC_WARN_UNUSED_FUNCTION = YES;
				GCC_WARN_UNUSED_VARIABLE = YES;
				IPHONEOS_DEPLOYMENT_TARGET = 15.4;
				MTL_ENABLE_DEBUG_INFO = INCLUDE_SOURCE;
				MTL_FAST_MATH = YES;
				ONLY_ACTIVE_ARCH = YES;
				SDKROOT = iphoneos;
				SWIFT_ACTIVE_COMPILATION_CONDITIONS = DEBUG;
				SWIFT_OPTIMIZATION_LEVEL = "-Onone";
			};
			name = Debug;
		};
		09068E18283BF2AE004786BD /* Release */ = {
			isa = XCBuildConfiguration;
			buildSettings = {
				ALWAYS_SEARCH_USER_PATHS = NO;
				CLANG_ANALYZER_NONNULL = YES;
				CLANG_ANALYZER_NUMBER_OBJECT_CONVERSION = YES_AGGRESSIVE;
				CLANG_CXX_LANGUAGE_STANDARD = "gnu++17";
				CLANG_ENABLE_MODULES = YES;
				CLANG_ENABLE_OBJC_ARC = YES;
				CLANG_ENABLE_OBJC_WEAK = YES;
				CLANG_WARN_BLOCK_CAPTURE_AUTORELEASING = YES;
				CLANG_WARN_BOOL_CONVERSION = YES;
				CLANG_WARN_COMMA = YES;
				CLANG_WARN_CONSTANT_CONVERSION = YES;
				CLANG_WARN_DEPRECATED_OBJC_IMPLEMENTATIONS = YES;
				CLANG_WARN_DIRECT_OBJC_ISA_USAGE = YES_ERROR;
				CLANG_WARN_DOCUMENTATION_COMMENTS = YES;
				CLANG_WARN_EMPTY_BODY = YES;
				CLANG_WARN_ENUM_CONVERSION = YES;
				CLANG_WARN_INFINITE_RECURSION = YES;
				CLANG_WARN_INT_CONVERSION = YES;
				CLANG_WARN_NON_LITERAL_NULL_CONVERSION = YES;
				CLANG_WARN_OBJC_IMPLICIT_RETAIN_SELF = YES;
				CLANG_WARN_OBJC_LITERAL_CONVERSION = YES;
				CLANG_WARN_OBJC_ROOT_CLASS = YES_ERROR;
				CLANG_WARN_QUOTED_INCLUDE_IN_FRAMEWORK_HEADER = YES;
				CLANG_WARN_RANGE_LOOP_ANALYSIS = YES;
				CLANG_WARN_STRICT_PROTOTYPES = YES;
				CLANG_WARN_SUSPICIOUS_MOVE = YES;
				CLANG_WARN_UNGUARDED_AVAILABILITY = YES_AGGRESSIVE;
				CLANG_WARN_UNREACHABLE_CODE = YES;
				CLANG_WARN__DUPLICATE_METHOD_MATCH = YES;
				COPY_PHASE_STRIP = NO;
				DEBUG_INFORMATION_FORMAT = "dwarf-with-dsym";
				ENABLE_NS_ASSERTIONS = NO;
				ENABLE_STRICT_OBJC_MSGSEND = YES;
				GCC_C_LANGUAGE_STANDARD = gnu11;
				GCC_NO_COMMON_BLOCKS = YES;
				GCC_WARN_64_TO_32_BIT_CONVERSION = YES;
				GCC_WARN_ABOUT_RETURN_TYPE = YES_ERROR;
				GCC_WARN_UNDECLARED_SELECTOR = YES;
				GCC_WARN_UNINITIALIZED_AUTOS = YES_AGGRESSIVE;
				GCC_WARN_UNUSED_FUNCTION = YES;
				GCC_WARN_UNUSED_VARIABLE = YES;
				IPHONEOS_DEPLOYMENT_TARGET = 15.4;
				MTL_ENABLE_DEBUG_INFO = NO;
				MTL_FAST_MATH = YES;
				SDKROOT = iphoneos;
				SWIFT_COMPILATION_MODE = wholemodule;
				SWIFT_OPTIMIZATION_LEVEL = "-O";
				VALIDATE_PRODUCT = YES;
			};
			name = Release;
		};
		09068E1A283BF2AE004786BD /* Debug */ = {
			isa = XCBuildConfiguration;
			buildSettings = {
				ASSETCATALOG_COMPILER_APPICON_NAME = AppIcon;
				ASSETCATALOG_COMPILER_GLOBAL_ACCENT_COLOR_NAME = AccentColor;
				CODE_SIGN_STYLE = Automatic;
				CURRENT_PROJECT_VERSION = 1;
				DEVELOPMENT_ASSET_PATHS = "\"ContactsProj/Preview Content\"";
				DEVELOPMENT_TEAM = JM2LZTGHNA;
				ENABLE_PREVIEWS = YES;
				GENERATE_INFOPLIST_FILE = YES;
				INFOPLIST_KEY_UIApplicationSceneManifest_Generation = YES;
				INFOPLIST_KEY_UIApplicationSupportsIndirectInputEvents = YES;
				INFOPLIST_KEY_UILaunchScreen_Generation = YES;
				INFOPLIST_KEY_UISupportedInterfaceOrientations_iPad = "UIInterfaceOrientationPortrait UIInterfaceOrientationPortraitUpsideDown UIInterfaceOrientationLandscapeLeft UIInterfaceOrientationLandscapeRight";
				INFOPLIST_KEY_UISupportedInterfaceOrientations_iPhone = "UIInterfaceOrientationPortrait UIInterfaceOrientationLandscapeLeft UIInterfaceOrientationLandscapeRight";
				IPHONEOS_DEPLOYMENT_TARGET = 15.4;
				LD_RUNPATH_SEARCH_PATHS = (
					"$(inherited)",
					"@executable_path/Frameworks",
				);
				MARKETING_VERSION = 1.0;
				PRODUCT_BUNDLE_IDENTIFIER = com.swiftBook.ContactsProj;
				PRODUCT_NAME = "$(TARGET_NAME)";
				SWIFT_EMIT_LOC_STRINGS = YES;
				SWIFT_VERSION = 5.0;
				TARGETED_DEVICE_FAMILY = "1,2";
			};
			name = Debug;
		};
		09068E1B283BF2AE004786BD /* Release */ = {
			isa = XCBuildConfiguration;
			buildSettings = {
				ASSETCATALOG_COMPILER_APPICON_NAME = AppIcon;
				ASSETCATALOG_COMPILER_GLOBAL_ACCENT_COLOR_NAME = AccentColor;
				CODE_SIGN_STYLE = Automatic;
				CURRENT_PROJECT_VERSION = 1;
				DEVELOPMENT_ASSET_PATHS = "\"ContactsProj/Preview Content\"";
				DEVELOPMENT_TEAM = JM2LZTGHNA;
				ENABLE_PREVIEWS = YES;
				GENERATE_INFOPLIST_FILE = YES;
				INFOPLIST_KEY_UIApplicationSceneManifest_Generation = YES;
				INFOPLIST_KEY_UIApplicationSupportsIndirectInputEvents = YES;
				INFOPLIST_KEY_UILaunchScreen_Generation = YES;
				INFOPLIST_KEY_UISupportedInterfaceOrientations_iPad = "UIInterfaceOrientationPortrait UIInterfaceOrientationPortraitUpsideDown UIInterfaceOrientationLandscapeLeft UIInterfaceOrientationLandscapeRight";
				INFOPLIST_KEY_UISupportedInterfaceOrientations_iPhone = "UIInterfaceOrientationPortrait UIInterfaceOrientationLandscapeLeft UIInterfaceOrientationLandscapeRight";
				IPHONEOS_DEPLOYMENT_TARGET = 15.4;
				LD_RUNPATH_SEARCH_PATHS = (
					"$(inherited)",
					"@executable_path/Frameworks",
				);
				MARKETING_VERSION = 1.0;
				PRODUCT_BUNDLE_IDENTIFIER = com.swiftBook.ContactsProj;
				PRODUCT_NAME = "$(TARGET_NAME)";
				SWIFT_EMIT_LOC_STRINGS = YES;
				SWIFT_VERSION = 5.0;
				TARGETED_DEVICE_FAMILY = "1,2";
			};
			name = Release;
		};
/* End XCBuildConfiguration section */

/* Begin XCConfigurationList section */
		09068E01283BF2AC004786BD /* Build configuration list for PBXProject "ContactsProj" */ = {
			isa = XCConfigurationList;
			buildConfigurations = (
				09068E17283BF2AE004786BD /* Debug */,
				09068E18283BF2AE004786BD /* Release */,
			);
			defaultConfigurationIsVisible = 0;
			defaultConfigurationName = Release;
		};
		09068E19283BF2AE004786BD /* Build configuration list for PBXNativeTarget "ContactsProj" */ = {
			isa = XCConfigurationList;
			buildConfigurations = (
				09068E1A283BF2AE004786BD /* Debug */,
				09068E1B283BF2AE004786BD /* Release */,
			);
			defaultConfigurationIsVisible = 0;
			defaultConfigurationName = Release;
		};
/* End XCConfigurationList section */

/* Begin XCVersionGroup section */
		09068E14283BF2AE004786BD /* ContactsProj.xcdatamodeld */ = {
			isa = XCVersionGroup;
			children = (
				09068E15283BF2AE004786BD /* ContactsProj.xcdatamodel */,
			);
			currentVersion = 09068E15283BF2AE004786BD /* ContactsProj.xcdatamodel */;
			path = ContactsProj.xcdatamodeld;
			sourceTree = "<group>";
			versionGroupType = wrapper.xcdatamodel;
		};
/* End XCVersionGroup section */
	};
	rootObject = 09068DFE283BF2AC004786BD /* Project object */;
}
